# This file was autogenerated by Stack.
# You should not edit this file by hand.
# For more information, please see the documentation at:
#   https://docs.haskellstack.org/en/stable/lock_files

packages:
- completed:
    hackage: morpheus-graphql-0.17.0@sha256:487ad2e2b11d1038a65068f139f291a4e7b00986c347132b56e141608f0c8789,29450
    pantry-tree:
      size: 42453
      sha256: 47edd42f1f905dc5982e7f66c291e661e5b067d26167ec30cd1284cf9948538f
  original:
    hackage: morpheus-graphql-0.17.0
- completed:
    hackage: morpheus-graphql-app-0.17.0@sha256:7561a7b371673417c8d7e4200ce2e79f01b5a8557547efdf341136459132d9cc,5425
    pantry-tree:
      size: 5317
      sha256: d3d8fc0014a6b22eb1fedc29c4472e9d0c921383d7e4971318a2e587c5bafec9
  original:
    hackage: morpheus-graphql-app-0.17.0@sha256:7561a7b371673417c8d7e4200ce2e79f01b5a8557547efdf341136459132d9cc,5425
- completed:
    hackage: morpheus-graphql-core-0.17.0@sha256:4192366e2c23594a435364cc42832f2949620b8b116a69b57e59fde7111b1a0d,12939
    pantry-tree:
      size: 17920
      sha256: af0f6d14d48104baa11b997d26486ea98393a10456ea1c56447587969fffc252
  original:
    hackage: morpheus-graphql-core-0.17.0@sha256:4192366e2c23594a435364cc42832f2949620b8b116a69b57e59fde7111b1a0d,12939
- completed:
    hackage: base64-0.4.2.3@sha256:d8a82b0f446e89d1d3b3e7c8fc5b3cd2f5063c43309bd3c971050d9c0eb74783,2867
    pantry-tree:
      size: 2116
      sha256: 52ea810635517dd6c2c39a4b04d50bb4be6925026873f5bdb1c2e4846325d6ef
  original:
    hackage: base64-0.4.2.3@sha256:d8a82b0f446e89d1d3b3e7c8fc5b3cd2f5063c43309bd3c971050d9c0eb74783,2867
snapshots:
- completed:
    size: 565712
    url: https://raw.githubusercontent.com/commercialhaskell/stackage-snapshots/master/lts/17/6.yaml
    sha256: 4e5e581a709c88e3fe26a9ce8bf331435729bead762fb5c190064c6c5bb1b835
  original: lts-17.6
