# This file was autogenerated by Stack.
# You should not edit this file by hand.
# For more information, please see the documentation at:
#   https://docs.haskellstack.org/en/stable/lock_files

packages:
- completed:
    hackage: morpheus-graphql-0.11.0@sha256:9a4afac0720edaeeb9df16986d7ad1641f265f7c09958bc2fdd29d60189aa133,26251
    pantry-tree:
      size: 38453
      sha256: a4191aca5b0c334d44f4b1f49d2db1c6851cb0484eaabcc828b2a591e29f6c33
  original:
    hackage: morpheus-graphql-0.11.0
snapshots:
- completed:
    size: 491373
    url: https://raw.githubusercontent.com/commercialhaskell/stackage-snapshots/master/lts/15/3.yaml
    sha256: 29e9ff61b8bf4b4fcff55cde3ac106ebb971f0d21331dccac9eee63374fa6ca8
  original: lts-15.3
