# This file was autogenerated by Stack.
# You should not edit this file by hand.
# For more information, please see the documentation at:
#   https://docs.haskellstack.org/en/stable/lock_files

packages:
- completed:
    hackage: morpheus-graphql-0.12.0@sha256:01e39bf3bcb9315ede629ea379c3cf6d9946c102ed6cc3c6ca777181209d7d8a,26505
    pantry-tree:
      size: 37705
      sha256: 1e408ec4673f27ba70db2bf872343ed0456262a07b18ad3728d32b7c6c71d33a
  original:
    hackage: morpheus-graphql-0.12.0
- completed:
    hackage: morpheus-graphql-core-0.12.0@sha256:e7ec1f041cba294ce57a6caee4215b47a291239aef688fb3db71864fdf311539,4959
    pantry-tree:
      size: 5874
      sha256: 780807447f4cf1c3eba6fc91e6efb76f374ed5901c5a17166fc69f8e4206db7b
  original:
    hackage: morpheus-graphql-core-0.12.0@sha256:e7ec1f041cba294ce57a6caee4215b47a291239aef688fb3db71864fdf311539,4959
snapshots:
- completed:
    size: 496112
    url: https://raw.githubusercontent.com/commercialhaskell/stackage-snapshots/master/lts/15/13.yaml
    sha256: 75a1a0f870e1876898b117b0e443f911b3fa2985bfabb53158c81ab5765beda5
  original: lts-15.13
